
Microsoft Visual Studio Solution File, Format Version 12.00
# Visual Studio Version 17
VisualStudioVersion = 17.3.32811.315
MinimumVisualStudioVersion = 10.0.40219.1
Project("{FAE04EC0-301F-11D3-BF4B-00C04F79EFBC}") = "GoOutdoorsKids", "GoOutdoorsKids.csproj", "{6BE08561-90D2-40BE-B2FC-1C725781BE23}"
EndProject
Global
	GlobalSection(SolutionConfigurationPlatforms) = preSolution
		Debug|Any CPU = Debug|Any CPU
		Release|Any CPU = Release|Any CPU
	EndGlobalSection
	GlobalSection(ProjectConfigurationPlatforms) = postSolution
		{6BE08561-90D2-40BE-B2FC-1C725781BE23}.Debug|Any CPU.ActiveCfg = Debug|Any CPU
		{6BE08561-90D2-40BE-B2FC-1C725781BE23}.Debug|Any CPU.Build.0 = Debug|Any CPU
		{6BE08561-90D2-40BE-B2FC-1C725781BE23}.Release|Any CPU.ActiveCfg = Release|Any CPU
		{6BE08561-90D2-40BE-B2FC-1C725781BE23}.Release|Any CPU.Build.0 = Release|Any CPU
	EndGlobalSection
	GlobalSection(SolutionProperties) = preSolution
		HideSolutionNode = FALSE
	EndGlobalSection
	GlobalSection(ExtensibilityGlobals) = postSolution
		SolutionGuid = {BB3C745D-A684-4DC6-9CC3-007AE750F8CA}
	EndGlobalSection
EndGlobal
